// !$*UTF8*$!
{
	archiveVersion = 1;
	classes = {
	};
	objectVersion = 50;
	objects = {

/* Begin PBXBuildFile section */
		19404FBB26D91B4B0040E5C3 /* Colors.swift in Sources */ = {isa = PBXBuildFile; fileRef = 19404FBA26D91B4B0040E5C3 /* Colors.swift */; };
		19404FBE26D91E1E0040E5C3 /* SBTextFieldStyle.swift in Sources */ = {isa = PBXBuildFile; fileRef = 19404FBD26D91E1E0040E5C3 /* SBTextFieldStyle.swift */; };
		19404FC026D91E3B0040E5C3 /* SBPrimaryButtonStyle.swift in Sources */ = {isa = PBXBuildFile; fileRef = 19404FBF26D91E3B0040E5C3 /* SBPrimaryButtonStyle.swift */; };
		19404FC226D91F990040E5C3 /* Validator.swift in Sources */ = {isa = PBXBuildFile; fileRef = 19404FC126D91F990040E5C3 /* Validator.swift */; };
		19404FC626D91FD60040E5C3 /* ValidatorTests.swift in Sources */ = {isa = PBXBuildFile; fileRef = 19404FC526D91FD60040E5C3 /* ValidatorTests.swift */; };
		19404FC826D923630040E5C3 /* LoginViewModel.swift in Sources */ = {isa = PBXBuildFile; fileRef = 19404FC726D923630040E5C3 /* LoginViewModel.swift */; };
		19404FCA26D923900040E5C3 /* PhotosView.swift in Sources */ = {isa = PBXBuildFile; fileRef = 19404FC926D923900040E5C3 /* PhotosView.swift */; };
		19404FCC26D9243F0040E5C3 /* LoginViewModelTests.swift in Sources */ = {isa = PBXBuildFile; fileRef = 19404FCB26D9243F0040E5C3 /* LoginViewModelTests.swift */; };
		19404FCE26D925950040E5C3 /* MockValidator.swift in Sources */ = {isa = PBXBuildFile; fileRef = 19404FCD26D925950040E5C3 /* MockValidator.swift */; };
		19404FD026D92B3D0040E5C3 /* CornerRadius.swift in Sources */ = {isa = PBXBuildFile; fileRef = 19404FCF26D92B3D0040E5C3 /* CornerRadius.swift */; };
		19404FD226D92BEA0040E5C3 /* SBText.swift in Sources */ = {isa = PBXBuildFile; fileRef = 19404FD126D92BEA0040E5C3 /* SBText.swift */; };
		19CB9A6826D56394002309A5 /* SceneDelegate.swift in Sources */ = {isa = PBXBuildFile; fileRef = 19CB9A6726D56394002309A5 /* SceneDelegate.swift */; };
		19CB9A6A26D5640B002309A5 /* LoginView.swift in Sources */ = {isa = PBXBuildFile; fileRef = 19CB9A6926D5640B002309A5 /* LoginView.swift */; };
		F9B8EAF823718EC000C48A42 /* AppDelegate.swift in Sources */ = {isa = PBXBuildFile; fileRef = F9B8EAF723718EC000C48A42 /* AppDelegate.swift */; };
		F9B8EAFF23718EC200C48A42 /* Assets.xcassets in Resources */ = {isa = PBXBuildFile; fileRef = F9B8EAFE23718EC200C48A42 /* Assets.xcassets */; };
		F9B8EB0223718EC200C48A42 /* LaunchScreen.storyboard in Resources */ = {isa = PBXBuildFile; fileRef = F9B8EB0023718EC200C48A42 /* LaunchScreen.storyboard */; };
		F9B8EB392371AD9B00C48A42 /* LoginPresenterTests.swift in Sources */ = {isa = PBXBuildFile; fileRef = F9B8EB382371AD9B00C48A42 /* LoginPresenterTests.swift */; };
		F9B8EB3C2371ADDB00C48A42 /* MockLoginRouter.swift in Sources */ = {isa = PBXBuildFile; fileRef = F9B8EB3B2371ADDB00C48A42 /* MockLoginRouter.swift */; };
/* End PBXBuildFile section */

/* Begin PBXContainerItemProxy section */
		F9B8EB0923718EC200C48A42 /* PBXContainerItemProxy */ = {
			isa = PBXContainerItemProxy;
			containerPortal = F9B8EAEC23718EC000C48A42 /* Project object */;
			proxyType = 1;
			remoteGlobalIDString = F9B8EAF323718EC000C48A42;
			remoteInfo = SBTask;
		};
/* End PBXContainerItemProxy section */

/* Begin PBXFileReference section */
		19404FBA26D91B4B0040E5C3 /* Colors.swift */ = {isa = PBXFileReference; lastKnownFileType = sourcecode.swift; path = Colors.swift; sourceTree = "<group>"; };
		19404FBD26D91E1E0040E5C3 /* SBTextFieldStyle.swift */ = {isa = PBXFileReference; lastKnownFileType = sourcecode.swift; path = SBTextFieldStyle.swift; sourceTree = "<group>"; };
		19404FBF26D91E3B0040E5C3 /* SBPrimaryButtonStyle.swift */ = {isa = PBXFileReference; lastKnownFileType = sourcecode.swift; path = SBPrimaryButtonStyle.swift; sourceTree = "<group>"; };
		19404FC126D91F990040E5C3 /* Validator.swift */ = {isa = PBXFileReference; lastKnownFileType = sourcecode.swift; path = Validator.swift; sourceTree = "<group>"; };
		19404FC526D91FD60040E5C3 /* ValidatorTests.swift */ = {isa = PBXFileReference; lastKnownFileType = sourcecode.swift; path = ValidatorTests.swift; sourceTree = "<group>"; };
		19404FC726D923630040E5C3 /* LoginViewModel.swift */ = {isa = PBXFileReference; lastKnownFileType = sourcecode.swift; path = LoginViewModel.swift; sourceTree = "<group>"; };
		19404FC926D923900040E5C3 /* PhotosView.swift */ = {isa = PBXFileReference; lastKnownFileType = sourcecode.swift; path = PhotosView.swift; sourceTree = "<group>"; };
		19404FCB26D9243F0040E5C3 /* LoginViewModelTests.swift */ = {isa = PBXFileReference; lastKnownFileType = sourcecode.swift; path = LoginViewModelTests.swift; sourceTree = "<group>"; };
		19404FCD26D925950040E5C3 /* MockValidator.swift */ = {isa = PBXFileReference; lastKnownFileType = sourcecode.swift; path = MockValidator.swift; sourceTree = "<group>"; };
		19404FCF26D92B3D0040E5C3 /* CornerRadius.swift */ = {isa = PBXFileReference; lastKnownFileType = sourcecode.swift; path = CornerRadius.swift; sourceTree = "<group>"; };
		19404FD126D92BEA0040E5C3 /* SBText.swift */ = {isa = PBXFileReference; lastKnownFileType = sourcecode.swift; path = SBText.swift; sourceTree = "<group>"; };
		19CB9A6726D56394002309A5 /* SceneDelegate.swift */ = {isa = PBXFileReference; lastKnownFileType = sourcecode.swift; path = SceneDelegate.swift; sourceTree = "<group>"; };
		19CB9A6926D5640B002309A5 /* LoginView.swift */ = {isa = PBXFileReference; lastKnownFileType = sourcecode.swift; path = LoginView.swift; sourceTree = "<group>"; };
		F9B8EAF423718EC000C48A42 /* SBTask.app */ = {isa = PBXFileReference; explicitFileType = wrapper.application; includeInIndex = 0; path = SBTask.app; sourceTree = BUILT_PRODUCTS_DIR; };
		F9B8EAF723718EC000C48A42 /* AppDelegate.swift */ = {isa = PBXFileReference; lastKnownFileType = sourcecode.swift; path = AppDelegate.swift; sourceTree = "<group>"; };
		F9B8EAFE23718EC200C48A42 /* Assets.xcassets */ = {isa = PBXFileReference; lastKnownFileType = folder.assetcatalog; path = Assets.xcassets; sourceTree = "<group>"; };
		F9B8EB0123718EC200C48A42 /* Base */ = {isa = PBXFileReference; lastKnownFileType = file.storyboard; name = Base; path = Base.lproj/LaunchScreen.storyboard; sourceTree = "<group>"; };
		F9B8EB0323718EC200C48A42 /* Info.plist */ = {isa = PBXFileReference; lastKnownFileType = text.plist.xml; path = Info.plist; sourceTree = "<group>"; };
		F9B8EB0823718EC200C48A42 /* SBTaskTests.xctest */ = {isa = PBXFileReference; explicitFileType = wrapper.cfbundle; includeInIndex = 0; path = SBTaskTests.xctest; sourceTree = BUILT_PRODUCTS_DIR; };
		F9B8EB0E23718EC200C48A42 /* Info.plist */ = {isa = PBXFileReference; lastKnownFileType = text.plist.xml; path = Info.plist; sourceTree = "<group>"; };
		F9B8EB382371AD9B00C48A42 /* LoginPresenterTests.swift */ = {isa = PBXFileReference; lastKnownFileType = sourcecode.swift; path = LoginPresenterTests.swift; sourceTree = "<group>"; };
		F9B8EB3B2371ADDB00C48A42 /* MockLoginRouter.swift */ = {isa = PBXFileReference; lastKnownFileType = sourcecode.swift; path = MockLoginRouter.swift; sourceTree = "<group>"; };
/* End PBXFileReference section */

/* Begin PBXFrameworksBuildPhase section */
		F9B8EAF123718EC000C48A42 /* Frameworks */ = {
			isa = PBXFrameworksBuildPhase;
			buildActionMask = 2147483647;
			files = (
			);
			runOnlyForDeploymentPostprocessing = 0;
		};
		F9B8EB0523718EC200C48A42 /* Frameworks */ = {
			isa = PBXFrameworksBuildPhase;
			buildActionMask = 2147483647;
			files = (
			);
			runOnlyForDeploymentPostprocessing = 0;
		};
/* End PBXFrameworksBuildPhase section */

/* Begin PBXGroup section */
		19404FB726D91B1F0040E5C3 /* Design */ = {
			isa = PBXGroup;
			children = (
				19404FBC26D91DFF0040E5C3 /* Styles */,
				19404FB926D91B3B0040E5C3 /* Elements */,
				19404FB826D91B330040E5C3 /* Foundation */,
			);
			path = Design;
			sourceTree = "<group>";
		};
		19404FB826D91B330040E5C3 /* Foundation */ = {
			isa = PBXGroup;
			children = (
				19404FBA26D91B4B0040E5C3 /* Colors.swift */,
				19404FCF26D92B3D0040E5C3 /* CornerRadius.swift */,
			);
			path = Foundation;
			sourceTree = "<group>";
		};
		19404FB926D91B3B0040E5C3 /* Elements */ = {
			isa = PBXGroup;
			children = (
				19404FD126D92BEA0040E5C3 /* SBText.swift */,
			);
			path = Elements;
			sourceTree = "<group>";
		};
		19404FBC26D91DFF0040E5C3 /* Styles */ = {
			isa = PBXGroup;
			children = (
				19404FBD26D91E1E0040E5C3 /* SBTextFieldStyle.swift */,
				19404FBF26D91E3B0040E5C3 /* SBPrimaryButtonStyle.swift */,
			);
			path = Styles;
			sourceTree = "<group>";
		};
		F9B8EAEB23718EC000C48A42 = {
			isa = PBXGroup;
			children = (
				F9B8EAF623718EC000C48A42 /* SBTask */,
				F9B8EB0B23718EC200C48A42 /* SBTaskTests */,
				F9B8EAF523718EC000C48A42 /* Products */,
			);
			sourceTree = "<group>";
		};
		F9B8EAF523718EC000C48A42 /* Products */ = {
			isa = PBXGroup;
			children = (
				F9B8EAF423718EC000C48A42 /* SBTask.app */,
				F9B8EB0823718EC200C48A42 /* SBTaskTests.xctest */,
			);
			name = Products;
			sourceTree = "<group>";
		};
		F9B8EAF623718EC000C48A42 /* SBTask */ = {
			isa = PBXGroup;
			children = (
				F9B8EAF723718EC000C48A42 /* AppDelegate.swift */,
				19CB9A6726D56394002309A5 /* SceneDelegate.swift */,
				F9B8EB1723718F2000C48A42 /* Modules */,
				F9B8EAFE23718EC200C48A42 /* Assets.xcassets */,
				F9B8EB0023718EC200C48A42 /* LaunchScreen.storyboard */,
				F9B8EB0323718EC200C48A42 /* Info.plist */,
			);
			path = SBTask;
			sourceTree = "<group>";
		};
		F9B8EB0B23718EC200C48A42 /* SBTaskTests */ = {
			isa = PBXGroup;
			children = (
				F9B8EB362371AD7900C48A42 /* Modules */,
				F9B8EB0E23718EC200C48A42 /* Info.plist */,
			);
			path = SBTaskTests;
			sourceTree = "<group>";
		};
		F9B8EB1723718F2000C48A42 /* Modules */ = {
			isa = PBXGroup;
			children = (
				19404FB726D91B1F0040E5C3 /* Design */,
				F9B8EB1823718F4000C48A42 /* Login */,
				F9B8EB2723719EB600C48A42 /* Photos */,
			);
			path = Modules;
			sourceTree = "<group>";
		};
		F9B8EB1823718F4000C48A42 /* Login */ = {
			isa = PBXGroup;
			children = (
				19404FC126D91F990040E5C3 /* Validator.swift */,
				19CB9A6926D5640B002309A5 /* LoginView.swift */,
				19404FC726D923630040E5C3 /* LoginViewModel.swift */,
			);
			path = Login;
			sourceTree = "<group>";
		};
		F9B8EB2723719EB600C48A42 /* Photos */ = {
			isa = PBXGroup;
			children = (
				19404FC926D923900040E5C3 /* PhotosView.swift */,
			);
			path = Photos;
			sourceTree = "<group>";
		};
		F9B8EB362371AD7900C48A42 /* Modules */ = {
			isa = PBXGroup;
			children = (
				F9B8EB372371AD7F00C48A42 /* Login */,
			);
			path = Modules;
			sourceTree = "<group>";
		};
		F9B8EB372371AD7F00C48A42 /* Login */ = {
			isa = PBXGroup;
			children = (
				19404FC526D91FD60040E5C3 /* ValidatorTests.swift */,
				F9B8EB382371AD9B00C48A42 /* LoginPresenterTests.swift */,
				19404FCB26D9243F0040E5C3 /* LoginViewModelTests.swift */,
				F9B8EB3A2371ADA500C48A42 /* Mocks */,
			);
			path = Login;
			sourceTree = "<group>";
		};
		F9B8EB3A2371ADA500C48A42 /* Mocks */ = {
			isa = PBXGroup;
			children = (
				F9B8EB3B2371ADDB00C48A42 /* MockLoginRouter.swift */,
				19404FCD26D925950040E5C3 /* MockValidator.swift */,
			);
			path = Mocks;
			sourceTree = "<group>";
		};
/* End PBXGroup section */

/* Begin PBXNativeTarget section */
		F9B8EAF323718EC000C48A42 /* SBTask */ = {
			isa = PBXNativeTarget;
			buildConfigurationList = F9B8EB1123718EC200C48A42 /* Build configuration list for PBXNativeTarget "SBTask" */;
			buildPhases = (
				F9B8EAF023718EC000C48A42 /* Sources */,
				F9B8EAF123718EC000C48A42 /* Frameworks */,
				F9B8EAF223718EC000C48A42 /* Resources */,
			);
			buildRules = (
			);
			dependencies = (
			);
			name = SBTask;
			productName = SBTask;
			productReference = F9B8EAF423718EC000C48A42 /* SBTask.app */;
			productType = "com.apple.product-type.application";
		};
		F9B8EB0723718EC200C48A42 /* SBTaskTests */ = {
			isa = PBXNativeTarget;
			buildConfigurationList = F9B8EB1423718EC200C48A42 /* Build configuration list for PBXNativeTarget "SBTaskTests" */;
			buildPhases = (
				F9B8EB0423718EC200C48A42 /* Sources */,
				F9B8EB0523718EC200C48A42 /* Frameworks */,
				F9B8EB0623718EC200C48A42 /* Resources */,
			);
			buildRules = (
			);
			dependencies = (
				F9B8EB0A23718EC200C48A42 /* PBXTargetDependency */,
			);
			name = SBTaskTests;
			productName = SBTaskTests;
			productReference = F9B8EB0823718EC200C48A42 /* SBTaskTests.xctest */;
			productType = "com.apple.product-type.bundle.unit-test";
		};
/* End PBXNativeTarget section */

/* Begin PBXProject section */
		F9B8EAEC23718EC000C48A42 /* Project object */ = {
			isa = PBXProject;
			attributes = {
				LastSwiftUpdateCheck = 1020;
				LastUpgradeCheck = 1020;
				ORGANIZATIONNAME = "The Beans Group";
				TargetAttributes = {
					F9B8EAF323718EC000C48A42 = {
						CreatedOnToolsVersion = 10.2;
					};
					F9B8EB0723718EC200C48A42 = {
						CreatedOnToolsVersion = 10.2;
						TestTargetID = F9B8EAF323718EC000C48A42;
					};
				};
			};
			buildConfigurationList = F9B8EAEF23718EC000C48A42 /* Build configuration list for PBXProject "SBTask" */;
			compatibilityVersion = "Xcode 9.3";
			developmentRegion = en;
			hasScannedForEncodings = 0;
			knownRegions = (
				en,
				Base,
			);
			mainGroup = F9B8EAEB23718EC000C48A42;
			productRefGroup = F9B8EAF523718EC000C48A42 /* Products */;
			projectDirPath = "";
			projectRoot = "";
			targets = (
				F9B8EAF323718EC000C48A42 /* SBTask */,
				F9B8EB0723718EC200C48A42 /* SBTaskTests */,
			);
		};
/* End PBXProject section */

/* Begin PBXResourcesBuildPhase section */
		F9B8EAF223718EC000C48A42 /* Resources */ = {
			isa = PBXResourcesBuildPhase;
			buildActionMask = 2147483647;
			files = (
				F9B8EB0223718EC200C48A42 /* LaunchScreen.storyboard in Resources */,
				F9B8EAFF23718EC200C48A42 /* Assets.xcassets in Resources */,
			);
			runOnlyForDeploymentPostprocessing = 0;
		};
		F9B8EB0623718EC200C48A42 /* Resources */ = {
			isa = PBXResourcesBuildPhase;
			buildActionMask = 2147483647;
			files = (
			);
			runOnlyForDeploymentPostprocessing = 0;
		};
/* End PBXResourcesBuildPhase section */

/* Begin PBXSourcesBuildPhase section */
		F9B8EAF023718EC000C48A42 /* Sources */ = {
			isa = PBXSourcesBuildPhase;
			buildActionMask = 2147483647;
			files = (
				19404FBE26D91E1E0040E5C3 /* SBTextFieldStyle.swift in Sources */,
				19CB9A6A26D5640B002309A5 /* LoginView.swift in Sources */,
				19404FD026D92B3D0040E5C3 /* CornerRadius.swift in Sources */,
				19404FBB26D91B4B0040E5C3 /* Colors.swift in Sources */,
				19404FC026D91E3B0040E5C3 /* SBPrimaryButtonStyle.swift in Sources */,
				19CB9A6826D56394002309A5 /* SceneDelegate.swift in Sources */,
				19404FC826D923630040E5C3 /* LoginViewModel.swift in Sources */,
				19404FCA26D923900040E5C3 /* PhotosView.swift in Sources */,
				19404FC226D91F990040E5C3 /* Validator.swift in Sources */,
				19404FD226D92BEA0040E5C3 /* SBText.swift in Sources */,
				F9B8EAF823718EC000C48A42 /* AppDelegate.swift in Sources */,
			);
			runOnlyForDeploymentPostprocessing = 0;
		};
		F9B8EB0423718EC200C48A42 /* Sources */ = {
			isa = PBXSourcesBuildPhase;
			buildActionMask = 2147483647;
			files = (
				19404FCE26D925950040E5C3 /* MockValidator.swift in Sources */,
				19404FCC26D9243F0040E5C3 /* LoginViewModelTests.swift in Sources */,
				19404FC626D91FD60040E5C3 /* ValidatorTests.swift in Sources */,
				F9B8EB392371AD9B00C48A42 /* LoginPresenterTests.swift in Sources */,
				F9B8EB3C2371ADDB00C48A42 /* MockLoginRouter.swift in Sources */,
			);
			runOnlyForDeploymentPostprocessing = 0;
		};
/* End PBXSourcesBuildPhase section */

/* Begin PBXTargetDependency section */
		F9B8EB0A23718EC200C48A42 /* PBXTargetDependency */ = {
			isa = PBXTargetDependency;
			target = F9B8EAF323718EC000C48A42 /* SBTask */;
			targetProxy = F9B8EB0923718EC200C48A42 /* PBXContainerItemProxy */;
		};
/* End PBXTargetDependency section */

/* Begin PBXVariantGroup section */
		F9B8EB0023718EC200C48A42 /* LaunchScreen.storyboard */ = {
			isa = PBXVariantGroup;
			children = (
				F9B8EB0123718EC200C48A42 /* Base */,
			);
			name = LaunchScreen.storyboard;
			sourceTree = "<group>";
		};
/* End PBXVariantGroup section */

/* Begin XCBuildConfiguration section */
		F9B8EB0F23718EC200C48A42 /* Debug */ = {
			isa = XCBuildConfiguration;
			buildSettings = {
				ALWAYS_SEARCH_USER_PATHS = NO;
				CLANG_ANALYZER_NONNULL = YES;
				CLANG_ANALYZER_NUMBER_OBJECT_CONVERSION = YES_AGGRESSIVE;
				CLANG_CXX_LANGUAGE_STANDARD = "gnu++14";
				CLANG_CXX_LIBRARY = "libc++";
				CLANG_ENABLE_MODULES = YES;
				CLANG_ENABLE_OBJC_ARC = YES;
				CLANG_ENABLE_OBJC_WEAK = YES;
				CLANG_WARN_BLOCK_CAPTURE_AUTORELEASING = YES;
				CLANG_WARN_BOOL_CONVERSION = YES;
				CLANG_WARN_COMMA = YES;
				CLANG_WARN_CONSTANT_CONVERSION = YES;
				CLANG_WARN_DEPRECATED_OBJC_IMPLEMENTATIONS = YES;
				CLANG_WARN_DIRECT_OBJC_ISA_USAGE = YES_ERROR;
				CLANG_WARN_DOCUMENTATION_COMMENTS = YES;
				CLANG_WARN_EMPTY_BODY = YES;
				CLANG_WARN_ENUM_CONVERSION = YES;
				CLANG_WARN_INFINITE_RECURSION = YES;
				CLANG_WARN_INT_CONVERSION = YES;
				CLANG_WARN_NON_LITERAL_NULL_CONVERSION = YES;
				CLANG_WARN_OBJC_IMPLICIT_RETAIN_SELF = YES;
				CLANG_WARN_OBJC_LITERAL_CONVERSION = YES;
				CLANG_WARN_OBJC_ROOT_CLASS = YES_ERROR;
				CLANG_WARN_RANGE_LOOP_ANALYSIS = YES;
				CLANG_WARN_STRICT_PROTOTYPES = YES;
				CLANG_WARN_SUSPICIOUS_MOVE = YES;
				CLANG_WARN_UNGUARDED_AVAILABILITY = YES_AGGRESSIVE;
				CLANG_WARN_UNREACHABLE_CODE = YES;
				CLANG_WARN__DUPLICATE_METHOD_MATCH = YES;
				CODE_SIGN_IDENTITY = "iPhone Developer";
				COPY_PHASE_STRIP = NO;
				DEBUG_INFORMATION_FORMAT = dwarf;
				ENABLE_STRICT_OBJC_MSGSEND = YES;
				ENABLE_TESTABILITY = YES;
				GCC_C_LANGUAGE_STANDARD = gnu11;
				GCC_DYNAMIC_NO_PIC = NO;
				GCC_NO_COMMON_BLOCKS = YES;
				GCC_OPTIMIZATION_LEVEL = 0;
				GCC_PREPROCESSOR_DEFINITIONS = (
					"DEBUG=1",
					"$(inherited)",
				);
				GCC_WARN_64_TO_32_BIT_CONVERSION = YES;
				GCC_WARN_ABOUT_RETURN_TYPE = YES_ERROR;
				GCC_WARN_UNDECLARED_SELECTOR = YES;
				GCC_WARN_UNINITIALIZED_AUTOS = YES_AGGRESSIVE;
				GCC_WARN_UNUSED_FUNCTION = YES;
				GCC_WARN_UNUSED_VARIABLE = YES;
				IPHONEOS_DEPLOYMENT_TARGET = 14.5;
				MTL_ENABLE_DEBUG_INFO = INCLUDE_SOURCE;
				MTL_FAST_MATH = YES;
				ONLY_ACTIVE_ARCH = YES;
				SDKROOT = iphoneos;
				SWIFT_ACTIVE_COMPILATION_CONDITIONS = DEBUG;
				SWIFT_OPTIMIZATION_LEVEL = "-Onone";
			};
			name = Debug;
		};
		F9B8EB1023718EC200C48A42 /* Release */ = {
			isa = XCBuildConfiguration;
			buildSettings = {
				ALWAYS_SEARCH_USER_PATHS = NO;
				CLANG_ANALYZER_NONNULL = YES;
				CLANG_ANALYZER_NUMBER_OBJECT_CONVERSION = YES_AGGRESSIVE;
				CLANG_CXX_LANGUAGE_STANDARD = "gnu++14";
				CLANG_CXX_LIBRARY = "libc++";
				CLANG_ENABLE_MODULES = YES;
				CLANG_ENABLE_OBJC_ARC = YES;
				CLANG_ENABLE_OBJC_WEAK = YES;
				CLANG_WARN_BLOCK_CAPTURE_AUTORELEASING = YES;
				CLANG_WARN_BOOL_CONVERSION = YES;
				CLANG_WARN_COMMA = YES;
				CLANG_WARN_CONSTANT_CONVERSION = YES;
				CLANG_WARN_DEPRECATED_OBJC_IMPLEMENTATIONS = YES;
				CLANG_WARN_DIRECT_OBJC_ISA_USAGE = YES_ERROR;
				CLANG_WARN_DOCUMENTATION_COMMENTS = YES;
				CLANG_WARN_EMPTY_BODY = YES;
				CLANG_WARN_ENUM_CONVERSION = YES;
				CLANG_WARN_INFINITE_RECURSION = YES;
				CLANG_WARN_INT_CONVERSION = YES;
				CLANG_WARN_NON_LITERAL_NULL_CONVERSION = YES;
				CLANG_WARN_OBJC_IMPLICIT_RETAIN_SELF = YES;
				CLANG_WARN_OBJC_LITERAL_CONVERSION = YES;
				CLANG_WARN_OBJC_ROOT_CLASS = YES_ERROR;
				CLANG_WARN_RANGE_LOOP_ANALYSIS = YES;
				CLANG_WARN_STRICT_PROTOTYPES = YES;
				CLANG_WARN_SUSPICIOUS_MOVE = YES;
				CLANG_WARN_UNGUARDED_AVAILABILITY = YES_AGGRESSIVE;
				CLANG_WARN_UNREACHABLE_CODE = YES;
				CLANG_WARN__DUPLICATE_METHOD_MATCH = YES;
				CODE_SIGN_IDENTITY = "iPhone Developer";
				COPY_PHASE_STRIP = NO;
				DEBUG_INFORMATION_FORMAT = "dwarf-with-dsym";
				ENABLE_NS_ASSERTIONS = NO;
				ENABLE_STRICT_OBJC_MSGSEND = YES;
				GCC_C_LANGUAGE_STANDARD = gnu11;
				GCC_NO_COMMON_BLOCKS = YES;
				GCC_WARN_64_TO_32_BIT_CONVERSION = YES;
				GCC_WARN_ABOUT_RETURN_TYPE = YES_ERROR;
				GCC_WARN_UNDECLARED_SELECTOR = YES;
				GCC_WARN_UNINITIALIZED_AUTOS = YES_AGGRESSIVE;
				GCC_WARN_UNUSED_FUNCTION = YES;
				GCC_WARN_UNUSED_VARIABLE = YES;
				IPHONEOS_DEPLOYMENT_TARGET = 14.5;
				MTL_ENABLE_DEBUG_INFO = NO;
				MTL_FAST_MATH = YES;
				SDKROOT = iphoneos;
				SWIFT_COMPILATION_MODE = wholemodule;
				SWIFT_OPTIMIZATION_LEVEL = "-O";
				VALIDATE_PRODUCT = YES;
			};
			name = Release;
		};
		F9B8EB1223718EC200C48A42 /* Debug */ = {
			isa = XCBuildConfiguration;
			buildSettings = {
				ASSETCATALOG_COMPILER_APPICON_NAME = AppIcon;
				CODE_SIGN_STYLE = Automatic;
				INFOPLIST_FILE = SBTask/Info.plist;
				IPHONEOS_DEPLOYMENT_TARGET = 14.5;
				LD_RUNPATH_SEARCH_PATHS = (
					"$(inherited)",
					"@executable_path/Frameworks",
				);
				PRODUCT_BUNDLE_IDENTIFIER = com.studentbeans.SBTask;
				PRODUCT_NAME = "$(TARGET_NAME)";
				SWIFT_VERSION = 5.0;
				TARGETED_DEVICE_FAMILY = "1,2";
			};
			name = Debug;
		};
		F9B8EB1323718EC200C48A42 /* Release */ = {
			isa = XCBuildConfiguration;
			buildSettings = {
				ASSETCATALOG_COMPILER_APPICON_NAME = AppIcon;
				CODE_SIGN_STYLE = Automatic;
				INFOPLIST_FILE = SBTask/Info.plist;
				IPHONEOS_DEPLOYMENT_TARGET = 14.5;
				LD_RUNPATH_SEARCH_PATHS = (
					"$(inherited)",
					"@executable_path/Frameworks",
				);
				PRODUCT_BUNDLE_IDENTIFIER = com.studentbeans.SBTask;
				PRODUCT_NAME = "$(TARGET_NAME)";
				SWIFT_VERSION = 5.0;
				TARGETED_DEVICE_FAMILY = "1,2";
			};
			name = Release;
		};
		F9B8EB1523718EC200C48A42 /* Debug */ = {
			isa = XCBuildConfiguration;
			buildSettings = {
				ALWAYS_EMBED_SWIFT_STANDARD_LIBRARIES = YES;
				BUNDLE_LOADER = "$(TEST_HOST)";
				CODE_SIGN_STYLE = Automatic;
				INFOPLIST_FILE = SBTaskTests/Info.plist;
				LD_RUNPATH_SEARCH_PATHS = (
					"$(inherited)",
					"@executable_path/Frameworks",
					"@loader_path/Frameworks",
				);
				PRODUCT_BUNDLE_IDENTIFIER = com.studentbeans.SBTaskTests;
				PRODUCT_NAME = "$(TARGET_NAME)";
				SWIFT_VERSION = 5.0;
				TARGETED_DEVICE_FAMILY = "1,2";
				TEST_HOST = "$(BUILT_PRODUCTS_DIR)/SBTask.app/SBTask";
			};
			name = Debug;
		};
		F9B8EB1623718EC200C48A42 /* Release */ = {
			isa = XCBuildConfiguration;
			buildSettings = {
				ALWAYS_EMBED_SWIFT_STANDARD_LIBRARIES = YES;
				BUNDLE_LOADER = "$(TEST_HOST)";
				CODE_SIGN_STYLE = Automatic;
				INFOPLIST_FILE = SBTaskTests/Info.plist;
				LD_RUNPATH_SEARCH_PATHS = (
					"$(inherited)",
					"@executable_path/Frameworks",
					"@loader_path/Frameworks",
				);
				PRODUCT_BUNDLE_IDENTIFIER = com.studentbeans.SBTaskTests;
				PRODUCT_NAME = "$(TARGET_NAME)";
				SWIFT_VERSION = 5.0;
				TARGETED_DEVICE_FAMILY = "1,2";
				TEST_HOST = "$(BUILT_PRODUCTS_DIR)/SBTask.app/SBTask";
			};
			name = Release;
		};
/* End XCBuildConfiguration section */

/* Begin XCConfigurationList section */
		F9B8EAEF23718EC000C48A42 /* Build configuration list for PBXProject "SBTask" */ = {
			isa = XCConfigurationList;
			buildConfigurations = (
				F9B8EB0F23718EC200C48A42 /* Debug */,
				F9B8EB1023718EC200C48A42 /* Release */,
			);
			defaultConfigurationIsVisible = 0;
			defaultConfigurationName = Release;
		};
		F9B8EB1123718EC200C48A42 /* Build configuration list for PBXNativeTarget "SBTask" */ = {
			isa = XCConfigurationList;
			buildConfigurations = (
				F9B8EB1223718EC200C48A42 /* Debug */,
				F9B8EB1323718EC200C48A42 /* Release */,
			);
			defaultConfigurationIsVisible = 0;
			defaultConfigurationName = Release;
		};
		F9B8EB1423718EC200C48A42 /* Build configuration list for PBXNativeTarget "SBTaskTests" */ = {
			isa = XCConfigurationList;
			buildConfigurations = (
				F9B8EB1523718EC200C48A42 /* Debug */,
				F9B8EB1623718EC200C48A42 /* Release */,
			);
			defaultConfigurationIsVisible = 0;
			defaultConfigurationName = Release;
		};
/* End XCConfigurationList section */
	};
	rootObject = F9B8EAEC23718EC000C48A42 /* Project object */;
}
